// !$*UTF8*$!
{
	archiveVersion = 1;
	classes = {
	};
	objectVersion = 56;
	objects = {

/* Begin PBXBuildFile section */
		7588BA1A2B44B3BA001F54E2 /* e_car_appApp.swift in Sources */ = {isa = PBXBuildFile; fileRef = 7588BA192B44B3BA001F54E2 /* e_car_appApp.swift */; };
		7588BA1C2B44B3BA001F54E2 /* ContentView.swift in Sources */ = {isa = PBXBuildFile; fileRef = 7588BA1B2B44B3BA001F54E2 /* ContentView.swift */; };
		7588BA1E2B44B3BC001F54E2 /* Assets.xcassets in Resources */ = {isa = PBXBuildFile; fileRef = 7588BA1D2B44B3BC001F54E2 /* Assets.xcassets */; };
		7588BA212B44B3BC001F54E2 /* Preview Assets.xcassets in Resources */ = {isa = PBXBuildFile; fileRef = 7588BA202B44B3BC001F54E2 /* Preview Assets.xcassets */; };
		7588BA2B2B44B3BC001F54E2 /* e_car_appTests.swift in Sources */ = {isa = PBXBuildFile; fileRef = 7588BA2A2B44B3BC001F54E2 /* e_car_appTests.swift */; };
		7588BA352B44B3BC001F54E2 /* e_car_appUITests.swift in Sources */ = {isa = PBXBuildFile; fileRef = 7588BA342B44B3BC001F54E2 /* e_car_appUITests.swift */; };
		7588BA372B44B3BC001F54E2 /* e_car_appUITestsLaunchTests.swift in Sources */ = {isa = PBXBuildFile; fileRef = 7588BA362B44B3BC001F54E2 /* e_car_appUITestsLaunchTests.swift */; };
/* End PBXBuildFile section */

/* Begin PBXContainerItemProxy section */
		7588BA272B44B3BC001F54E2 /* PBXContainerItemProxy */ = {
			isa = PBXContainerItemProxy;
			containerPortal = 7588BA0E2B44B3BA001F54E2 /* Project object */;
			proxyType = 1;
			remoteGlobalIDString = 7588BA152B44B3BA001F54E2;
			remoteInfo = "e-car_app";
		};
		7588BA312B44B3BC001F54E2 /* PBXContainerItemProxy */ = {
			isa = PBXContainerItemProxy;
			containerPortal = 7588BA0E2B44B3BA001F54E2 /* Project object */;
			proxyType = 1;
			remoteGlobalIDString = 7588BA152B44B3BA001F54E2;
			remoteInfo = "e-car_app";
		};
/* End PBXContainerItemProxy section */

/* Begin PBXFileReference section */
		7588BA162B44B3BA001F54E2 /* e-car_app.app */ = {isa = PBXFileReference; explicitFileType = wrapper.application; includeInIndex = 0; path = "e-car_app.app"; sourceTree = BUILT_PRODUCTS_DIR; };
		7588BA192B44B3BA001F54E2 /* e_car_appApp.swift */ = {isa = PBXFileReference; lastKnownFileType = sourcecode.swift; path = e_car_appApp.swift; sourceTree = "<group>"; };
		7588BA1B2B44B3BA001F54E2 /* ContentView.swift */ = {isa = PBXFileReference; lastKnownFileType = sourcecode.swift; path = ContentView.swift; sourceTree = "<group>"; };
		7588BA1D2B44B3BC001F54E2 /* Assets.xcassets */ = {isa = PBXFileReference; lastKnownFileType = folder.assetcatalog; path = Assets.xcassets; sourceTree = "<group>"; };
		7588BA202B44B3BC001F54E2 /* Preview Assets.xcassets */ = {isa = PBXFileReference; lastKnownFileType = folder.assetcatalog; path = "Preview Assets.xcassets"; sourceTree = "<group>"; };
		7588BA262B44B3BC001F54E2 /* e-car_appTests.xctest */ = {isa = PBXFileReference; explicitFileType = wrapper.cfbundle; includeInIndex = 0; path = "e-car_appTests.xctest"; sourceTree = BUILT_PRODUCTS_DIR; };
		7588BA2A2B44B3BC001F54E2 /* e_car_appTests.swift */ = {isa = PBXFileReference; lastKnownFileType = sourcecode.swift; path = e_car_appTests.swift; sourceTree = "<group>"; };
		7588BA302B44B3BC001F54E2 /* e-car_appUITests.xctest */ = {isa = PBXFileReference; explicitFileType = wrapper.cfbundle; includeInIndex = 0; path = "e-car_appUITests.xctest"; sourceTree = BUILT_PRODUCTS_DIR; };
		7588BA342B44B3BC001F54E2 /* e_car_appUITests.swift */ = {isa = PBXFileReference; lastKnownFileType = sourcecode.swift; path = e_car_appUITests.swift; sourceTree = "<group>"; };
		7588BA362B44B3BC001F54E2 /* e_car_appUITestsLaunchTests.swift */ = {isa = PBXFileReference; lastKnownFileType = sourcecode.swift; path = e_car_appUITestsLaunchTests.swift; sourceTree = "<group>"; };
/* End PBXFileReference section */

/* Begin PBXFrameworksBuildPhase section */
		7588BA132B44B3BA001F54E2 /* Frameworks */ = {
			isa = PBXFrameworksBuildPhase;
			buildActionMask = 2147483647;
			files = (
			);
			runOnlyForDeploymentPostprocessing = 0;
		};
		7588BA232B44B3BC001F54E2 /* Frameworks */ = {
			isa = PBXFrameworksBuildPhase;
			buildActionMask = 2147483647;
			files = (
			);
			runOnlyForDeploymentPostprocessing = 0;
		};
		7588BA2D2B44B3BC001F54E2 /* Frameworks */ = {
			isa = PBXFrameworksBuildPhase;
			buildActionMask = 2147483647;
			files = (
			);
			runOnlyForDeploymentPostprocessing = 0;
		};
/* End PBXFrameworksBuildPhase section */

/* Begin PBXGroup section */
		7588BA0D2B44B3BA001F54E2 = {
			isa = PBXGroup;
			children = (
				7588BA182B44B3BA001F54E2 /* e-car_app */,
				7588BA292B44B3BC001F54E2 /* e-car_appTests */,
				7588BA332B44B3BC001F54E2 /* e-car_appUITests */,
				7588BA172B44B3BA001F54E2 /* Products */,
			);
			sourceTree = "<group>";
		};
		7588BA172B44B3BA001F54E2 /* Products */ = {
			isa = PBXGroup;
			children = (
				7588BA162B44B3BA001F54E2 /* e-car_app.app */,
				7588BA262B44B3BC001F54E2 /* e-car_appTests.xctest */,
				7588BA302B44B3BC001F54E2 /* e-car_appUITests.xctest */,
			);
			name = Products;
			sourceTree = "<group>";
		};
		7588BA182B44B3BA001F54E2 /* e-car_app */ = {
			isa = PBXGroup;
			children = (
				7588BA192B44B3BA001F54E2 /* e_car_appApp.swift */,
				7588BA1B2B44B3BA001F54E2 /* ContentView.swift */,
				7588BA1D2B44B3BC001F54E2 /* Assets.xcassets */,
				7588BA1F2B44B3BC001F54E2 /* Preview Content */,
			);
			path = "e-car_app";
			sourceTree = "<group>";
		};
		7588BA1F2B44B3BC001F54E2 /* Preview Content */ = {
			isa = PBXGroup;
			children = (
				7588BA202B44B3BC001F54E2 /* Preview Assets.xcassets */,
			);
			path = "Preview Content";
			sourceTree = "<group>";
		};
		7588BA292B44B3BC001F54E2 /* e-car_appTests */ = {
			isa = PBXGroup;
			children = (
				7588BA2A2B44B3BC001F54E2 /* e_car_appTests.swift */,
			);
			path = "e-car_appTests";
			sourceTree = "<group>";
		};
		7588BA332B44B3BC001F54E2 /* e-car_appUITests */ = {
			isa = PBXGroup;
			children = (
				7588BA342B44B3BC001F54E2 /* e_car_appUITests.swift */,
				7588BA362B44B3BC001F54E2 /* e_car_appUITestsLaunchTests.swift */,
			);
			path = "e-car_appUITests";
			sourceTree = "<group>";
		};
/* End PBXGroup section */

/* Begin PBXNativeTarget section */
		7588BA152B44B3BA001F54E2 /* e-car_app */ = {
			isa = PBXNativeTarget;
			buildConfigurationList = 7588BA3A2B44B3BC001F54E2 /* Build configuration list for PBXNativeTarget "e-car_app" */;
			buildPhases = (
				7588BA122B44B3BA001F54E2 /* Sources */,
				7588BA132B44B3BA001F54E2 /* Frameworks */,
				7588BA142B44B3BA001F54E2 /* Resources */,
			);
			buildRules = (
			);
			dependencies = (
			);
			name = "e-car_app";
			productName = "e-car_app";
			productReference = 7588BA162B44B3BA001F54E2 /* e-car_app.app */;
			productType = "com.apple.product-type.application";
		};
		7588BA252B44B3BC001F54E2 /* e-car_appTests */ = {
			isa = PBXNativeTarget;
			buildConfigurationList = 7588BA3D2B44B3BC001F54E2 /* Build configuration list for PBXNativeTarget "e-car_appTests" */;
			buildPhases = (
				7588BA222B44B3BC001F54E2 /* Sources */,
				7588BA232B44B3BC001F54E2 /* Frameworks */,
				7588BA242B44B3BC001F54E2 /* Resources */,
			);
			buildRules = (
			);
			dependencies = (
				7588BA282B44B3BC001F54E2 /* PBXTargetDependency */,
			);
			name = "e-car_appTests";
			productName = "e-car_appTests";
			productReference = 7588BA262B44B3BC001F54E2 /* e-car_appTests.xctest */;
			productType = "com.apple.product-type.bundle.unit-test";
		};
		7588BA2F2B44B3BC001F54E2 /* e-car_appUITests */ = {
			isa = PBXNativeTarget;
			buildConfigurationList = 7588BA402B44B3BC001F54E2 /* Build configuration list for PBXNativeTarget "e-car_appUITests" */;
			buildPhases = (
				7588BA2C2B44B3BC001F54E2 /* Sources */,
				7588BA2D2B44B3BC001F54E2 /* Frameworks */,
				7588BA2E2B44B3BC001F54E2 /* Resources */,
			);
			buildRules = (
			);
			dependencies = (
				7588BA322B44B3BC001F54E2 /* PBXTargetDependency */,
			);
			name = "e-car_appUITests";
			productName = "e-car_appUITests";
			productReference = 7588BA302B44B3BC001F54E2 /* e-car_appUITests.xctest */;
			productType = "com.apple.product-type.bundle.ui-testing";
		};
/* End PBXNativeTarget section */

/* Begin PBXProject section */
		7588BA0E2B44B3BA001F54E2 /* Project object */ = {
			isa = PBXProject;
			attributes = {
				BuildIndependentTargetsInParallel = 1;
				LastSwiftUpdateCheck = 1510;
				LastUpgradeCheck = 1510;
				TargetAttributes = {
					7588BA152B44B3BA001F54E2 = {
						CreatedOnToolsVersion = 15.1;
					};
					7588BA252B44B3BC001F54E2 = {
						CreatedOnToolsVersion = 15.1;
						TestTargetID = 7588BA152B44B3BA001F54E2;
					};
					7588BA2F2B44B3BC001F54E2 = {
						CreatedOnToolsVersion = 15.1;
						TestTargetID = 7588BA152B44B3BA001F54E2;
					};
				};
			};
			buildConfigurationList = 7588BA112B44B3BA001F54E2 /* Build configuration list for PBXProject "e-car_app" */;
			compatibilityVersion = "Xcode 14.0";
			developmentRegion = en;
			hasScannedForEncodings = 0;
			knownRegions = (
				en,
				Base,
			);
			mainGroup = 7588BA0D2B44B3BA001F54E2;
			productRefGroup = 7588BA172B44B3BA001F54E2 /* Products */;
			projectDirPath = "";
			projectRoot = "";
			targets = (
				7588BA152B44B3BA001F54E2 /* e-car_app */,
				7588BA252B44B3BC001F54E2 /* e-car_appTests */,
				7588BA2F2B44B3BC001F54E2 /* e-car_appUITests */,
			);
		};
/* End PBXProject section */

/* Begin PBXResourcesBuildPhase section */
		7588BA142B44B3BA001F54E2 /* Resources */ = {
			isa = PBXResourcesBuildPhase;
			buildActionMask = 2147483647;
			files = (
				7588BA212B44B3BC001F54E2 /* Preview Assets.xcassets in Resources */,
				7588BA1E2B44B3BC001F54E2 /* Assets.xcassets in Resources */,
			);
			runOnlyForDeploymentPostprocessing = 0;
		};
		7588BA242B44B3BC001F54E2 /* Resources */ = {
			isa = PBXResourcesBuildPhase;
			buildActionMask = 2147483647;
			files = (
			);
			runOnlyForDeploymentPostprocessing = 0;
		};
		7588BA2E2B44B3BC001F54E2 /* Resources */ = {
			isa = PBXResourcesBuildPhase;
			buildActionMask = 2147483647;
			files = (
			);
			runOnlyForDeploymentPostprocessing = 0;
		};
/* End PBXResourcesBuildPhase section */

/* Begin PBXSourcesBuildPhase section */
		7588BA122B44B3BA001F54E2 /* Sources */ = {
			isa = PBXSourcesBuildPhase;
			buildActionMask = 2147483647;
			files = (
				7588BA1C2B44B3BA001F54E2 /* ContentView.swift in Sources */,
				7588BA1A2B44B3BA001F54E2 /* e_car_appApp.swift in Sources */,
			);
			runOnlyForDeploymentPostprocessing = 0;
		};
		7588BA222B44B3BC001F54E2 /* Sources */ = {
			isa = PBXSourcesBuildPhase;
			buildActionMask = 2147483647;
			files = (
				7588BA2B2B44B3BC001F54E2 /* e_car_appTests.swift in Sources */,
			);
			runOnlyForDeploymentPostprocessing = 0;
		};
		7588BA2C2B44B3BC001F54E2 /* Sources */ = {
			isa = PBXSourcesBuildPhase;
			buildActionMask = 2147483647;
			files = (
				7588BA352B44B3BC001F54E2 /* e_car_appUITests.swift in Sources */,
				7588BA372B44B3BC001F54E2 /* e_car_appUITestsLaunchTests.swift in Sources */,
			);
			runOnlyForDeploymentPostprocessing = 0;
		};
/* End PBXSourcesBuildPhase section */

/* Begin PBXTargetDependency section */
		7588BA282B44B3BC001F54E2 /* PBXTargetDependency */ = {
			isa = PBXTargetDependency;
			target = 7588BA152B44B3BA001F54E2 /* e-car_app */;
			targetProxy = 7588BA272B44B3BC001F54E2 /* PBXContainerItemProxy */;
		};
		7588BA322B44B3BC001F54E2 /* PBXTargetDependency */ = {
			isa = PBXTargetDependency;
			target = 7588BA152B44B3BA001F54E2 /* e-car_app */;
			targetProxy = 7588BA312B44B3BC001F54E2 /* PBXContainerItemProxy */;
		};
/* End PBXTargetDependency section */

/* Begin XCBuildConfiguration section */
		7588BA382B44B3BC001F54E2 /* Debug */ = {
			isa = XCBuildConfiguration;
			buildSettings = {
				ALWAYS_SEARCH_USER_PATHS = NO;
				ASSETCATALOG_COMPILER_GENERATE_SWIFT_ASSET_SYMBOL_EXTENSIONS = YES;
				CLANG_ANALYZER_NONNULL = YES;
				CLANG_ANALYZER_NUMBER_OBJECT_CONVERSION = YES_AGGRESSIVE;
				CLANG_CXX_LANGUAGE_STANDARD = "gnu++20";
				CLANG_ENABLE_MODULES = YES;
				CLANG_ENABLE_OBJC_ARC = YES;
				CLANG_ENABLE_OBJC_WEAK = YES;
				CLANG_WARN_BLOCK_CAPTURE_AUTORELEASING = YES;
				CLANG_WARN_BOOL_CONVERSION = YES;
				CLANG_WARN_COMMA = YES;
				CLANG_WARN_CONSTANT_CONVERSION = YES;
				CLANG_WARN_DEPRECATED_OBJC_IMPLEMENTATIONS = YES;
				CLANG_WARN_DIRECT_OBJC_ISA_USAGE = YES_ERROR;
				CLANG_WARN_DOCUMENTATION_COMMENTS = YES;
				CLANG_WARN_EMPTY_BODY = YES;
				CLANG_WARN_ENUM_CONVERSION = YES;
				CLANG_WARN_INFINITE_RECURSION = YES;
				CLANG_WARN_INT_CONVERSION = YES;
				CLANG_WARN_NON_LITERAL_NULL_CONVERSION = YES;
				CLANG_WARN_OBJC_IMPLICIT_RETAIN_SELF = YES;
				CLANG_WARN_OBJC_LITERAL_CONVERSION = YES;
				CLANG_WARN_OBJC_ROOT_CLASS = YES_ERROR;
				CLANG_WARN_QUOTED_INCLUDE_IN_FRAMEWORK_HEADER = YES;
				CLANG_WARN_RANGE_LOOP_ANALYSIS = YES;
				CLANG_WARN_STRICT_PROTOTYPES = YES;
				CLANG_WARN_SUSPICIOUS_MOVE = YES;
				CLANG_WARN_UNGUARDED_AVAILABILITY = YES_AGGRESSIVE;
				CLANG_WARN_UNREACHABLE_CODE = YES;
				CLANG_WARN__DUPLICATE_METHOD_MATCH = YES;
				COPY_PHASE_STRIP = NO;
				DEBUG_INFORMATION_FORMAT = dwarf;
				ENABLE_STRICT_OBJC_MSGSEND = YES;
				ENABLE_TESTABILITY = YES;
				ENABLE_USER_SCRIPT_SANDBOXING = YES;
				GCC_C_LANGUAGE_STANDARD = gnu17;
				GCC_DYNAMIC_NO_PIC = NO;
				GCC_NO_COMMON_BLOCKS = YES;
				GCC_OPTIMIZATION_LEVEL = 0;
				GCC_PREPROCESSOR_DEFINITIONS = (
					"DEBUG=1",
					"$(inherited)",
				);
				GCC_WARN_64_TO_32_BIT_CONVERSION = YES;
				GCC_WARN_ABOUT_RETURN_TYPE = YES_ERROR;
				GCC_WARN_UNDECLARED_SELECTOR = YES;
				GCC_WARN_UNINITIALIZED_AUTOS = YES_AGGRESSIVE;
				GCC_WARN_UNUSED_FUNCTION = YES;
				GCC_WARN_UNUSED_VARIABLE = YES;
				IPHONEOS_DEPLOYMENT_TARGET = 17.2;
				LOCALIZATION_PREFERS_STRING_CATALOGS = YES;
				MTL_ENABLE_DEBUG_INFO = INCLUDE_SOURCE;
				MTL_FAST_MATH = YES;
				ONLY_ACTIVE_ARCH = YES;
				SDKROOT = iphoneos;
				SWIFT_ACTIVE_COMPILATION_CONDITIONS = "DEBUG $(inherited)";
				SWIFT_OPTIMIZATION_LEVEL = "-Onone";
			};
			name = Debug;
		};
		7588BA392B44B3BC001F54E2 /* Release */ = {
			isa = XCBuildConfiguration;
			buildSettings = {
				ALWAYS_SEARCH_USER_PATHS = NO;
				ASSETCATALOG_COMPILER_GENERATE_SWIFT_ASSET_SYMBOL_EXTENSIONS = YES;
				CLANG_ANALYZER_NONNULL = YES;
				CLANG_ANALYZER_NUMBER_OBJECT_CONVERSION = YES_AGGRESSIVE;
				CLANG_CXX_LANGUAGE_STANDARD = "gnu++20";
				CLANG_ENABLE_MODULES = YES;
				CLANG_ENABLE_OBJC_ARC = YES;
				CLANG_ENABLE_OBJC_WEAK = YES;
				CLANG_WARN_BLOCK_CAPTURE_AUTORELEASING = YES;
				CLANG_WARN_BOOL_CONVERSION = YES;
				CLANG_WARN_COMMA = YES;
				CLANG_WARN_CONSTANT_CONVERSION = YES;
				CLANG_WARN_DEPRECATED_OBJC_IMPLEMENTATIONS = YES;
				CLANG_WARN_DIRECT_OBJC_ISA_USAGE = YES_ERROR;
				CLANG_WARN_DOCUMENTATION_COMMENTS = YES;
				CLANG_WARN_EMPTY_BODY = YES;
				CLANG_WARN_ENUM_CONVERSION = YES;
				CLANG_WARN_INFINITE_RECURSION = YES;
				CLANG_WARN_INT_CONVERSION = YES;
				CLANG_WARN_NON_LITERAL_NULL_CONVERSION = YES;
				CLANG_WARN_OBJC_IMPLICIT_RETAIN_SELF = YES;
				CLANG_WARN_OBJC_LITERAL_CONVERSION = YES;
				CLANG_WARN_OBJC_ROOT_CLASS = YES_ERROR;
				CLANG_WARN_QUOTED_INCLUDE_IN_FRAMEWORK_HEADER = YES;
				CLANG_WARN_RANGE_LOOP_ANALYSIS = YES;
				CLANG_WARN_STRICT_PROTOTYPES = YES;
				CLANG_WARN_SUSPICIOUS_MOVE = YES;
				CLANG_WARN_UNGUARDED_AVAILABILITY = YES_AGGRESSIVE;
				CLANG_WARN_UNREACHABLE_CODE = YES;
				CLANG_WARN__DUPLICATE_METHOD_MATCH = YES;
				COPY_PHASE_STRIP = NO;
				DEBUG_INFORMATION_FORMAT = "dwarf-with-dsym";
				ENABLE_NS_ASSERTIONS = NO;
				ENABLE_STRICT_OBJC_MSGSEND = YES;
				ENABLE_USER_SCRIPT_SANDBOXING = YES;
				GCC_C_LANGUAGE_STANDARD = gnu17;
				GCC_NO_COMMON_BLOCKS = YES;
				GCC_WARN_64_TO_32_BIT_CONVERSION = YES;
				GCC_WARN_ABOUT_RETURN_TYPE = YES_ERROR;
				GCC_WARN_UNDECLARED_SELECTOR = YES;
				GCC_WARN_UNINITIALIZED_AUTOS = YES_AGGRESSIVE;
				GCC_WARN_UNUSED_FUNCTION = YES;
				GCC_WARN_UNUSED_VARIABLE = YES;
				IPHONEOS_DEPLOYMENT_TARGET = 17.2;
				LOCALIZATION_PREFERS_STRING_CATALOGS = YES;
				MTL_ENABLE_DEBUG_INFO = NO;
				MTL_FAST_MATH = YES;
				SDKROOT = iphoneos;
				SWIFT_COMPILATION_MODE = wholemodule;
				VALIDATE_PRODUCT = YES;
			};
			name = Release;
		};
		7588BA3B2B44B3BC001F54E2 /* Debug */ = {
			isa = XCBuildConfiguration;
			buildSettings = {
				ASSETCATALOG_COMPILER_APPICON_NAME = AppIcon;
				ASSETCATALOG_COMPILER_GLOBAL_ACCENT_COLOR_NAME = AccentColor;
				CODE_SIGN_STYLE = Automatic;
				CURRENT_PROJECT_VERSION = 1;
				DEVELOPMENT_ASSET_PATHS = "\"e-car_app/Preview Content\"";
				DEVELOPMENT_TEAM = JXPT32A2F3;
				ENABLE_PREVIEWS = YES;
				GENERATE_INFOPLIST_FILE = YES;
				INFOPLIST_KEY_UIApplicationSceneManifest_Generation = YES;
				INFOPLIST_KEY_UIApplicationSupportsIndirectInputEvents = YES;
				INFOPLIST_KEY_UILaunchScreen_Generation = YES;
				INFOPLIST_KEY_UISupportedInterfaceOrientations_iPad = "UIInterfaceOrientationPortrait UIInterfaceOrientationPortraitUpsideDown UIInterfaceOrientationLandscapeLeft UIInterfaceOrientationLandscapeRight";
				INFOPLIST_KEY_UISupportedInterfaceOrientations_iPhone = "UIInterfaceOrientationPortrait UIInterfaceOrientationLandscapeLeft UIInterfaceOrientationLandscapeRight";
				LD_RUNPATH_SEARCH_PATHS = (
					"$(inherited)",
					"@executable_path/Frameworks",
				);
				MARKETING_VERSION = 1.0;
				PRODUCT_BUNDLE_IDENTIFIER = "com.vadosmik.e-car-app";
				PRODUCT_NAME = "$(TARGET_NAME)";
				SWIFT_EMIT_LOC_STRINGS = YES;
				SWIFT_VERSION = 5.0;
				TARGETED_DEVICE_FAMILY = "1,2";
			};
			name = Debug;
		};
		7588BA3C2B44B3BC001F54E2 /* Release */ = {
			isa = XCBuildConfiguration;
			buildSettings = {
				ASSETCATALOG_COMPILER_APPICON_NAME = AppIcon;
				ASSETCATALOG_COMPILER_GLOBAL_ACCENT_COLOR_NAME = AccentColor;
				CODE_SIGN_STYLE = Automatic;
				CURRENT_PROJECT_VERSION = 1;
				DEVELOPMENT_ASSET_PATHS = "\"e-car_app/Preview Content\"";
				DEVELOPMENT_TEAM = JXPT32A2F3;
				ENABLE_PREVIEWS = YES;
				GENERATE_INFOPLIST_FILE = YES;
				INFOPLIST_KEY_UIApplicationSceneManifest_Generation = YES;
				INFOPLIST_KEY_UIApplicationSupportsIndirectInputEvents = YES;
				INFOPLIST_KEY_UILaunchScreen_Generation = YES;
				INFOPLIST_KEY_UISupportedInterfaceOrientations_iPad = "UIInterfaceOrientationPortrait UIInterfaceOrientationPortraitUpsideDown UIInterfaceOrientationLandscapeLeft UIInterfaceOrientationLandscapeRight";
				INFOPLIST_KEY_UISupportedInterfaceOrientations_iPhone = "UIInterfaceOrientationPortrait UIInterfaceOrientationLandscapeLeft UIInterfaceOrientationLandscapeRight";
				LD_RUNPATH_SEARCH_PATHS = (
					"$(inherited)",
					"@executable_path/Frameworks",
				);
				MARKETING_VERSION = 1.0;
				PRODUCT_BUNDLE_IDENTIFIER = "com.vadosmik.e-car-app";
				PRODUCT_NAME = "$(TARGET_NAME)";
				SWIFT_EMIT_LOC_STRINGS = YES;
				SWIFT_VERSION = 5.0;
				TARGETED_DEVICE_FAMILY = "1,2";
			};
			name = Release;
		};
		7588BA3E2B44B3BC001F54E2 /* Debug */ = {
			isa = XCBuildConfiguration;
			buildSettings = {
				ALWAYS_EMBED_SWIFT_STANDARD_LIBRARIES = YES;
				BUNDLE_LOADER = "$(TEST_HOST)";
				CODE_SIGN_STYLE = Automatic;
				CURRENT_PROJECT_VERSION = 1;
				DEVELOPMENT_TEAM = JXPT32A2F3;
				GENERATE_INFOPLIST_FILE = YES;
				IPHONEOS_DEPLOYMENT_TARGET = 17.2;
				MARKETING_VERSION = 1.0;
				PRODUCT_BUNDLE_IDENTIFIER = "com.vadosmik.e-car-appTests";
				PRODUCT_NAME = "$(TARGET_NAME)";
				SWIFT_EMIT_LOC_STRINGS = NO;
				SWIFT_VERSION = 5.0;
				TARGETED_DEVICE_FAMILY = "1,2";
				TEST_HOST = "$(BUILT_PRODUCTS_DIR)/e-car_app.app/$(BUNDLE_EXECUTABLE_FOLDER_PATH)/e-car_app";
			};
			name = Debug;
		};
		7588BA3F2B44B3BC001F54E2 /* Release */ = {
			isa = XCBuildConfiguration;
			buildSettings = {
				ALWAYS_EMBED_SWIFT_STANDARD_LIBRARIES = YES;
				BUNDLE_LOADER = "$(TEST_HOST)";
				CODE_SIGN_STYLE = Automatic;
				CURRENT_PROJECT_VERSION = 1;
				DEVELOPMENT_TEAM = JXPT32A2F3;
				GENERATE_INFOPLIST_FILE = YES;
				IPHONEOS_DEPLOYMENT_TARGET = 17.2;
				MARKETING_VERSION = 1.0;
				PRODUCT_BUNDLE_IDENTIFIER = "com.vadosmik.e-car-appTests";
				PRODUCT_NAME = "$(TARGET_NAME)";
				SWIFT_EMIT_LOC_STRINGS = NO;
				SWIFT_VERSION = 5.0;
				TARGETED_DEVICE_FAMILY = "1,2";
				TEST_HOST = "$(BUILT_PRODUCTS_DIR)/e-car_app.app/$(BUNDLE_EXECUTABLE_FOLDER_PATH)/e-car_app";
			};
			name = Release;
		};
		7588BA412B44B3BC001F54E2 /* Debug */ = {
			isa = XCBuildConfiguration;
			buildSettings = {
				ALWAYS_EMBED_SWIFT_STANDARD_LIBRARIES = YES;
				CODE_SIGN_STYLE = Automatic;
				CURRENT_PROJECT_VERSION = 1;
				DEVELOPMENT_TEAM = JXPT32A2F3;
				GENERATE_INFOPLIST_FILE = YES;
				MARKETING_VERSION = 1.0;
				PRODUCT_BUNDLE_IDENTIFIER = "com.vadosmik.e-car-appUITests";
				PRODUCT_NAME = "$(TARGET_NAME)";
				SWIFT_EMIT_LOC_STRINGS = NO;
				SWIFT_VERSION = 5.0;
				TARGETED_DEVICE_FAMILY = "1,2";
				TEST_TARGET_NAME = "e-car_app";
			};
			name = Debug;
		};
		7588BA422B44B3BC001F54E2 /* Release */ = {
			isa = XCBuildConfiguration;
			buildSettings = {
				ALWAYS_EMBED_SWIFT_STANDARD_LIBRARIES = YES;
				CODE_SIGN_STYLE = Automatic;
				CURRENT_PROJECT_VERSION = 1;
				DEVELOPMENT_TEAM = JXPT32A2F3;
				GENERATE_INFOPLIST_FILE = YES;
				MARKETING_VERSION = 1.0;
				PRODUCT_BUNDLE_IDENTIFIER = "com.vadosmik.e-car-appUITests";
				PRODUCT_NAME = "$(TARGET_NAME)";
				SWIFT_EMIT_LOC_STRINGS = NO;
				SWIFT_VERSION = 5.0;
				TARGETED_DEVICE_FAMILY = "1,2";
				TEST_TARGET_NAME = "e-car_app";
			};
			name = Release;
		};
/* End XCBuildConfiguration section */

/* Begin XCConfigurationList section */
		7588BA112B44B3BA001F54E2 /* Build configuration list for PBXProject "e-car_app" */ = {
			isa = XCConfigurationList;
			buildConfigurations = (
				7588BA382B44B3BC001F54E2 /* Debug */,
				7588BA392B44B3BC001F54E2 /* Release */,
			);
			defaultConfigurationIsVisible = 0;
			defaultConfigurationName = Release;
		};
		7588BA3A2B44B3BC001F54E2 /* Build configuration list for PBXNativeTarget "e-car_app" */ = {
			isa = XCConfigurationList;
			buildConfigurations = (
				7588BA3B2B44B3BC001F54E2 /* Debug */,
				7588BA3C2B44B3BC001F54E2 /* Release */,
			);
			defaultConfigurationIsVisible = 0;
			defaultConfigurationName = Release;
		};
		7588BA3D2B44B3BC001F54E2 /* Build configuration list for PBXNativeTarget "e-car_appTests" */ = {
			isa = XCConfigurationList;
			buildConfigurations = (
				7588BA3E2B44B3BC001F54E2 /* Debug */,
				7588BA3F2B44B3BC001F54E2 /* Release */,
			);
			defaultConfigurationIsVisible = 0;
			defaultConfigurationName = Release;
		};
		7588BA402B44B3BC001F54E2 /* Build configuration list for PBXNativeTarget "e-car_appUITests" */ = {
			isa = XCConfigurationList;
			buildConfigurations = (
				7588BA412B44B3BC001F54E2 /* Debug */,
				7588BA422B44B3BC001F54E2 /* Release */,
			);
			defaultConfigurationIsVisible = 0;
			defaultConfigurationName = Release;
		};
/* End XCConfigurationList section */
	};
	rootObject = 7588BA0E2B44B3BA001F54E2 /* Project object */;
}
